PODS:
  - ScanditBarcodeCapture (6.12.0):
    - ScanditCaptureCore (= 6.12.0)
  - ScanditCaptureCore (6.12.0)
  - sonect-core-sdk-ios (1.5.4)

DEPENDENCIES:
  - ScanditBarcodeCapture (= 6.12)
  - sonect-core-sdk-ios

SPEC REPOS:
  https://github.com/CocoaPods/Specs.git:
    - ScanditBarcodeCapture
    - ScanditCaptureCore
    - sonect-core-sdk-ios

SPEC CHECKSUMS:
  ScanditBarcodeCapture: c248e54187287b1312433fcf8a2ea0e7ef11d7db
  ScanditCaptureCore: bca41a32a3c3fcf12ed0d1415abfac5b56a37633
  sonect-core-sdk-ios: 041e287ceb87352afdf1feeb815c619cb11f6957

PODFILE CHECKSUM: 8e1a21ae73071c787be07ff29aacd8f696136208

COCOAPODS: 1.15.2
