PODS:
  - sonect-core-ios (1.5.1)
  - sonect-shop-sdk-ios (1.20.0):
    - sonect-core-ios (~> 1.5.0)

DEPENDENCIES:
  - sonect-core-ios
  - sonect-shop-sdk-ios

SPEC REPOS:
  https://github.com/CocoaPods/Specs.git:
    - sonect-core-ios
    - sonect-shop-sdk-ios

SPEC CHECKSUMS:
  sonect-core-ios: 9b7d3541fe46b6a968e56c9b748eee2b69bd8683
  sonect-shop-sdk-ios: c6da2e4bd40ed84cc68bf8482be0c923c106ebb7

PODFILE CHECKSUM: f253bd975c6f90c3cd955696f588b506fe0de61a

COCOAPODS: 1.10.2
